
Microsoft Visual Studio Solution File, Format Version 12.00
# Visual Studio Version 17
VisualStudioVersion = 17.6.33829.357
MinimumVisualStudioVersion = 10.0.40219.1
Project("{F184B08F-C81C-45F6-A57F-5ABD9991F28F}") = "InventarioNET", "InventarioNET.vbproj", "{AEB1FF42-39E3-4ADA-AFBF-36E0D80BD8FD}"
EndProject
Global
	GlobalSection(SolutionConfigurationPlatforms) = preSolution
		Debug|Any CPU = Debug|Any CPU
		Release|Any CPU = Release|Any CPU
	EndGlobalSection
	GlobalSection(ProjectConfigurationPlatforms) = postSolution
		{AEB1FF42-39E3-4ADA-AFBF-36E0D80BD8FD}.Debug|Any CPU.ActiveCfg = Debug|Any CPU
		{AEB1FF42-39E3-4ADA-AFBF-36E0D80BD8FD}.Debug|Any CPU.Build.0 = Debug|Any CPU
		{AEB1FF42-39E3-4ADA-AFBF-36E0D80BD8FD}.Release|Any CPU.ActiveCfg = Release|Any CPU
		{AEB1FF42-39E3-4ADA-AFBF-36E0D80BD8FD}.Release|Any CPU.Build.0 = Release|Any CPU
	EndGlobalSection
	GlobalSection(SolutionProperties) = preSolution
		HideSolutionNode = FALSE
	EndGlobalSection
	GlobalSection(ExtensibilityGlobals) = postSolution
		SolutionGuid = {F39D6CEF-F676-4F93-A014-5F6582018E3D}
	EndGlobalSection
EndGlobal
